
Microsoft Visual Studio Solution File, Format Version 12.00
# Visual Studio 14
VisualStudioVersion = 14.0.25420.1
MinimumVisualStudioVersion = 10.0.40219.1
Project("{FAE04EC0-301F-11D3-BF4B-00C04F79EFBC}") = "ArchiveUnpacker", "FileMonolith\ArchiveUnpacker.csproj", "{E40EC0B4-4232-417D-B041-97AC71381EA3}"
EndProject
Project("{FAE04EC0-301F-11D3-BF4B-00C04F79EFBC}") = "FileProliferator", "FileProliferator\FileProliferator.csproj", "{D78BED57-43D5-49C8-8087-49FFC48DAD3D}"
EndProject
Project("{FAE04EC0-301F-11D3-BF4B-00C04F79EFBC}") = "MassTextureConverter", "MassTextureConverter\MassTextureConverter.csproj", "{021E8ABB-26CF-4D0B-9494-EC26B6EB0866}"
EndProject
Project("{FAE04EC0-301F-11D3-BF4B-00C04F79EFBC}") = "FilenameUpdater", "FilenameUpdater\FilenameUpdater.csproj", "{CEAB3C59-361F-4A88-AA2E-4496D44708EC}"
EndProject
Project("{FAE04EC0-301F-11D3-BF4B-00C04F79EFBC}") = "ArchiveTransferrer", "ArchiveTransferrer\ArchiveTransferrer.csproj", "{1A8742A5-A5AC-4059-9906-4A1C4AA79539}"
EndProject
Project("{FAE04EC0-301F-11D3-BF4B-00C04F79EFBC}") = "TextureAggregator", "TextureAggregator\TextureAggregator.csproj", "{6E60F497-0669-450B-BAA0-9E80E8B93739}"
EndProject
Global
	GlobalSection(SolutionConfigurationPlatforms) = preSolution
		Debug|Any CPU = Debug|Any CPU
		Release|Any CPU = Release|Any CPU
	EndGlobalSection
	GlobalSection(ProjectConfigurationPlatforms) = postSolution
		{E40EC0B4-4232-417D-B041-97AC71381EA3}.Debug|Any CPU.ActiveCfg = Debug|Any CPU
		{E40EC0B4-4232-417D-B041-97AC71381EA3}.Debug|Any CPU.Build.0 = Debug|Any CPU
		{E40EC0B4-4232-417D-B041-97AC71381EA3}.Release|Any CPU.ActiveCfg = Release|Any CPU
		{E40EC0B4-4232-417D-B041-97AC71381EA3}.Release|Any CPU.Build.0 = Release|Any CPU
		{D78BED57-43D5-49C8-8087-49FFC48DAD3D}.Debug|Any CPU.ActiveCfg = Debug|Any CPU
		{D78BED57-43D5-49C8-8087-49FFC48DAD3D}.Debug|Any CPU.Build.0 = Debug|Any CPU
		{D78BED57-43D5-49C8-8087-49FFC48DAD3D}.Release|Any CPU.ActiveCfg = Release|Any CPU
		{D78BED57-43D5-49C8-8087-49FFC48DAD3D}.Release|Any CPU.Build.0 = Release|Any CPU
		{021E8ABB-26CF-4D0B-9494-EC26B6EB0866}.Debug|Any CPU.ActiveCfg = Debug|Any CPU
		{021E8ABB-26CF-4D0B-9494-EC26B6EB0866}.Debug|Any CPU.Build.0 = Debug|Any CPU
		{021E8ABB-26CF-4D0B-9494-EC26B6EB0866}.Release|Any CPU.ActiveCfg = Release|Any CPU
		{021E8ABB-26CF-4D0B-9494-EC26B6EB0866}.Release|Any CPU.Build.0 = Release|Any CPU
		{CEAB3C59-361F-4A88-AA2E-4496D44708EC}.Debug|Any CPU.ActiveCfg = Debug|Any CPU
		{CEAB3C59-361F-4A88-AA2E-4496D44708EC}.Debug|Any CPU.Build.0 = Debug|Any CPU
		{CEAB3C59-361F-4A88-AA2E-4496D44708EC}.Release|Any CPU.ActiveCfg = Release|Any CPU
		{CEAB3C59-361F-4A88-AA2E-4496D44708EC}.Release|Any CPU.Build.0 = Release|Any CPU
		{1A8742A5-A5AC-4059-9906-4A1C4AA79539}.Debug|Any CPU.ActiveCfg = Debug|Any CPU
		{1A8742A5-A5AC-4059-9906-4A1C4AA79539}.Debug|Any CPU.Build.0 = Debug|Any CPU
		{1A8742A5-A5AC-4059-9906-4A1C4AA79539}.Release|Any CPU.ActiveCfg = Release|Any CPU
		{1A8742A5-A5AC-4059-9906-4A1C4AA79539}.Release|Any CPU.Build.0 = Release|Any CPU
		{6E60F497-0669-450B-BAA0-9E80E8B93739}.Debug|Any CPU.ActiveCfg = Debug|Any CPU
		{6E60F497-0669-450B-BAA0-9E80E8B93739}.Debug|Any CPU.Build.0 = Debug|Any CPU
		{6E60F497-0669-450B-BAA0-9E80E8B93739}.Release|Any CPU.ActiveCfg = Release|Any CPU
		{6E60F497-0669-450B-BAA0-9E80E8B93739}.Release|Any CPU.Build.0 = Release|Any CPU
	EndGlobalSection
	GlobalSection(SolutionProperties) = preSolution
		HideSolutionNode = FALSE
	EndGlobalSection
EndGlobal
